
Microsoft Visual Studio Solution File, Format Version 12.00
# Visual Studio Version 17
VisualStudioVersion = 17.10.34916.146
MinimumVisualStudioVersion = 10.0.40219.1
Project("{FAE04EC0-301F-11D3-BF4B-00C04F79EFBC}") = "WebApplication2", "WebApplication2\WebApplication2.csproj", "{FB0363DB-DAE0-4DD4-8256-8B8E25F92B49}"
EndProject
Global
	GlobalSection(SolutionConfigurationPlatforms) = preSolution
		Debug|Any CPU = Debug|Any CPU
		Release|Any CPU = Release|Any CPU
	EndGlobalSection
	GlobalSection(ProjectConfigurationPlatforms) = postSolution
		{FB0363DB-DAE0-4DD4-8256-8B8E25F92B49}.Debug|Any CPU.ActiveCfg = Debug|Any CPU
		{FB0363DB-DAE0-4DD4-8256-8B8E25F92B49}.Debug|Any CPU.Build.0 = Debug|Any CPU
		{FB0363DB-DAE0-4DD4-8256-8B8E25F92B49}.Release|Any CPU.ActiveCfg = Release|Any CPU
		{FB0363DB-DAE0-4DD4-8256-8B8E25F92B49}.Release|Any CPU.Build.0 = Release|Any CPU
	EndGlobalSection
	GlobalSection(SolutionProperties) = preSolution
		HideSolutionNode = FALSE
	EndGlobalSection
	GlobalSection(ExtensibilityGlobals) = postSolution
		SolutionGuid = {C046E4E6-2AFF-4B98-8D95-A87E8153D97E}
	EndGlobalSection
EndGlobal
